
Microsoft Visual Studio Solution File, Format Version 12.00
# Visual Studio 15
VisualStudioVersion = 15.0.28307.271
MinimumVisualStudioVersion = 10.0.40219.1
Project("{FAE04EC0-301F-11D3-BF4B-00C04F79EFBC}") = "DemoWebJob1", "DemoWebJob1.csproj", "{3FC984E6-6A90-400E-B958-5CD72DBEDD84}"
EndProject
Global
	GlobalSection(SolutionConfigurationPlatforms) = preSolution
		Debug|Any CPU = Debug|Any CPU
		Release|Any CPU = Release|Any CPU
	EndGlobalSection
	GlobalSection(ProjectConfigurationPlatforms) = postSolution
		{3FC984E6-6A90-400E-B958-5CD72DBEDD84}.Debug|Any CPU.ActiveCfg = Debug|Any CPU
		{3FC984E6-6A90-400E-B958-5CD72DBEDD84}.Debug|Any CPU.Build.0 = Debug|Any CPU
		{3FC984E6-6A90-400E-B958-5CD72DBEDD84}.Release|Any CPU.ActiveCfg = Release|Any CPU
		{3FC984E6-6A90-400E-B958-5CD72DBEDD84}.Release|Any CPU.Build.0 = Release|Any CPU
	EndGlobalSection
	GlobalSection(SolutionProperties) = preSolution
		HideSolutionNode = FALSE
	EndGlobalSection
	GlobalSection(ExtensibilityGlobals) = postSolution
		SolutionGuid = {3B029AA3-A6E6-4B45-A6E4-819212D0B963}
	EndGlobalSection
EndGlobal
